// !$*UTF8*$!
{
	archiveVersion = 1;
	classes = {
	};
	objectVersion = 56;
	objects = {

/* Begin PBXBuildFile section */
		363EFD442E1B77460043BCFF /* CardDetailManagerVC.swift in Sources */ = {isa = PBXBuildFile; fileRef = 363EFD432E1B77460043BCFF /* CardDetailManagerVC.swift */; };
		363EFD462E1B80740043BCFF /* AccountCardManagerHeaderView.swift in Sources */ = {isa = PBXBuildFile; fileRef = 363EFD452E1B80740043BCFF /* AccountCardManagerHeaderView.swift */; };
		363EFD482E1B82000043BCFF /* Helper.swift in Sources */ = {isa = PBXBuildFile; fileRef = 363EFD472E1B82000043BCFF /* Helper.swift */; };
		363EFD4F2E1BA01D0043BCFF /* AccountCardManagerCategoryView.swift in Sources */ = {isa = PBXBuildFile; fileRef = 363EFD4E2E1BA01D0043BCFF /* AccountCardManagerCategoryView.swift */; };
		363EFD512E1BA8060043BCFF /* AccountCardDetailManagerAtivityView.swift in Sources */ = {isa = PBXBuildFile; fileRef = 363EFD502E1BA8060043BCFF /* AccountCardDetailManagerAtivityView.swift */; };
		363EFD542E1BD23B0043BCFF /* CardDetailInformationVC.swift in Sources */ = {isa = PBXBuildFile; fileRef = 363EFD532E1BD23B0043BCFF /* CardDetailInformationVC.swift */; };
		363EFD562E1C84210043BCFF /* CardAccountDetailInfoView.swift in Sources */ = {isa = PBXBuildFile; fileRef = 363EFD552E1C84210043BCFF /* CardAccountDetailInfoView.swift */; };
		36432D862E1CB50000055F79 /* InputField.swift in Sources */ = {isa = PBXBuildFile; fileRef = 36432D852E1CB50000055F79 /* InputField.swift */; };
		36432D892E1CB68900055F79 /* CardDetailEditInformationVC.swift in Sources */ = {isa = PBXBuildFile; fileRef = 36432D882E1CB68900055F79 /* CardDetailEditInformationVC.swift */; };
		36432D8B2E1CBF3900055F79 /* FormFieldInformationView.swift in Sources */ = {isa = PBXBuildFile; fileRef = 36432D8A2E1CBF3900055F79 /* FormFieldInformationView.swift */; };
		36432D8E2E1CD2AD00055F79 /* BiFastSetupVC.swift in Sources */ = {isa = PBXBuildFile; fileRef = 36432D8D2E1CD2AD00055F79 /* BiFastSetupVC.swift */; };
		36432D902E1CD3EB00055F79 /* BiFastCardView.swift in Sources */ = {isa = PBXBuildFile; fileRef = 36432D8F2E1CD3EB00055F79 /* BiFastCardView.swift */; };
		36432D922E1CEAE700055F79 /* BiInformationAlertView.swift in Sources */ = {isa = PBXBuildFile; fileRef = 36432D912E1CEAE700055F79 /* BiInformationAlertView.swift */; };
		36432D952E1CFF4A00055F79 /* BiFastActivatedPhoneVC.swift in Sources */ = {isa = PBXBuildFile; fileRef = 36432D942E1CFF4A00055F79 /* BiFastActivatedPhoneVC.swift */; };
		36432D972E1D02C700055F79 /* BIFastCardActiveView.swift in Sources */ = {isa = PBXBuildFile; fileRef = 36432D962E1D02C700055F79 /* BIFastCardActiveView.swift */; };
		3674B1BD2E1F25FB0065BE1F /* NotifyTransactionView.swift in Sources */ = {isa = PBXBuildFile; fileRef = 3674B1BC2E1F25FB0065BE1F /* NotifyTransactionView.swift */; };
		3687FBEB2E1E12DE00BCC6EC /* BIFastCardSuccessFooterView.swift in Sources */ = {isa = PBXBuildFile; fileRef = 3687FBEA2E1E12DE00BCC6EC /* BIFastCardSuccessFooterView.swift */; };
		3687FBED2E1E3D0F00BCC6EC /* BottomSheetWithTwoBtnVC.swift in Sources */ = {isa = PBXBuildFile; fileRef = 3687FBEC2E1E3D0F00BCC6EC /* BottomSheetWithTwoBtnVC.swift */; };
		3687FBF02E1E529E00BCC6EC /* BiFastActivatedEmaillVC.swift in Sources */ = {isa = PBXBuildFile; fileRef = 3687FBEF2E1E529E00BCC6EC /* BiFastActivatedEmaillVC.swift */; };
		3694837C2E1F98310069E46F /* PhoneNumberInfoView.swift in Sources */ = {isa = PBXBuildFile; fileRef = 3694837B2E1F98310069E46F /* PhoneNumberInfoView.swift */; };
		3694837F2E1F9ACE0069E46F /* WhatsAppNotificationConfigVC.swift in Sources */ = {isa = PBXBuildFile; fileRef = 3694837E2E1F9ACE0069E46F /* WhatsAppNotificationConfigVC.swift */; };
		369483872E1FB9C20069E46F /* AccountOpeningCompleteViewController.swift in Sources */ = {isa = PBXBuildFile; fileRef = 369483822E1FB9C20069E46F /* AccountOpeningCompleteViewController.swift */; };
		36E7CD042E1F21C500FACACF /* NotifyTransactionManagerVC.swift in Sources */ = {isa = PBXBuildFile; fileRef = 36E7CD032E1F21C500FACACF /* NotifyTransactionManagerVC.swift */; };
		80992495A6EE83CB0D199D80 /* Pods_BottomSheetViewControllerExample.framework in Frameworks */ = {isa = PBXBuildFile; fileRef = 32FBE2FA2E838D49EA8B73D2 /* Pods_BottomSheetViewControllerExample.framework */; };
		8619D25C2A2C751B00AB91A8 /* AppDelegate.swift in Sources */ = {isa = PBXBuildFile; fileRef = 8619D25B2A2C751B00AB91A8 /* AppDelegate.swift */; };
		8619D25E2A2C751B00AB91A8 /* SceneDelegate.swift in Sources */ = {isa = PBXBuildFile; fileRef = 8619D25D2A2C751B00AB91A8 /* SceneDelegate.swift */; };
		8619D2602A2C751B00AB91A8 /* HomeViewController.swift in Sources */ = {isa = PBXBuildFile; fileRef = 8619D25F2A2C751B00AB91A8 /* HomeViewController.swift */; };
		8619D2632A2C751B00AB91A8 /* Main.storyboard in Resources */ = {isa = PBXBuildFile; fileRef = 8619D2612A2C751B00AB91A8 /* Main.storyboard */; };
		8619D2652A2C751C00AB91A8 /* Assets.xcassets in Resources */ = {isa = PBXBuildFile; fileRef = 8619D2642A2C751C00AB91A8 /* Assets.xcassets */; };
		8619D2682A2C751C00AB91A8 /* LaunchScreen.storyboard in Resources */ = {isa = PBXBuildFile; fileRef = 8619D2662A2C751C00AB91A8 /* LaunchScreen.storyboard */; };
		8619D2712A2C764300AB91A8 /* BrimonsBottomSheetVC.swift in Sources */ = {isa = PBXBuildFile; fileRef = 8619D2702A2C764300AB91A8 /* BrimonsBottomSheetVC.swift */; };
		8619D2732A2CA0E800AB91A8 /* DemoBottomSheetViewController.swift in Sources */ = {isa = PBXBuildFile; fileRef = 8619D2722A2CA0E800AB91A8 /* DemoBottomSheetViewController.swift */; };
		86C8094B2A30D4F9008204D8 /* PageSettings.swift in Sources */ = {isa = PBXBuildFile; fileRef = 86C8094A2A30D4F9008204D8 /* PageSettings.swift */; };
		8726DE4F2E19207500EE4B73 /* DepositoKeyValueItemSet.swift in Sources */ = {isa = PBXBuildFile; fileRef = 8726DE4E2E19207500EE4B73 /* DepositoKeyValueItemSet.swift */; };
		87282D042E15410D006A9B63 /* MainTableViewCell.swift in Sources */ = {isa = PBXBuildFile; fileRef = 87282D032E15410D006A9B63 /* MainTableViewCell.swift */; };
		8733248C2E0F81320040698B /* FundingSourceSectionView.swift in Sources */ = {isa = PBXBuildFile; fileRef = 8733248B2E0F81320040698B /* FundingSourceSectionView.swift */; };
		8733248E2E0F813D0040698B /* InitialDepositDetailView.swift in Sources */ = {isa = PBXBuildFile; fileRef = 8733248D2E0F813D0040698B /* InitialDepositDetailView.swift */; };
		873324902E0F82AD0040698B /* BranchOpeningView.swift in Sources */ = {isa = PBXBuildFile; fileRef = 8733248F2E0F82AD0040698B /* BranchOpeningView.swift */; };
		8793F7802E111067008A47D5 /* AccountSuccessOpenInfoView.swift in Sources */ = {isa = PBXBuildFile; fileRef = 8793F77F2E111067008A47D5 /* AccountSuccessOpenInfoView.swift */; };
		8793F7842E1114FA008A47D5 /* RecommendedProductsView.swift in Sources */ = {isa = PBXBuildFile; fileRef = 8793F7832E1114F8008A47D5 /* RecommendedProductsView.swift */; };
		8793F7862E111657008A47D5 /* RecommendedProductCell.swift in Sources */ = {isa = PBXBuildFile; fileRef = 8793F7852E111657008A47D5 /* RecommendedProductCell.swift */; };
		8793F7882E1126EA008A47D5 /* AccountOpeningCompleteHeaderView.swift in Sources */ = {isa = PBXBuildFile; fileRef = 8793F7872E1126EA008A47D5 /* AccountOpeningCompleteHeaderView.swift */; };
		8793F78B2E112F91008A47D5 /* BrimoNsPinReusableView.swift in Sources */ = {isa = PBXBuildFile; fileRef = 8793F78A2E112F91008A47D5 /* BrimoNsPinReusableView.swift */; };
		8793F78D2E11306E008A47D5 /* BrimoNsReusablePinProtocol.swift in Sources */ = {isa = PBXBuildFile; fileRef = 8793F78C2E113063008A47D5 /* BrimoNsReusablePinProtocol.swift */; };
		8793F78F2E1130AA008A47D5 /* AccountOpeningPinViewVM.swift in Sources */ = {isa = PBXBuildFile; fileRef = 8793F78E2E1130AA008A47D5 /* AccountOpeningPinViewVM.swift */; };
		8793F7912E1132FF008A47D5 /* AccountOpeningPinViewVC.swift in Sources */ = {isa = PBXBuildFile; fileRef = 8793F7902E1132FF008A47D5 /* AccountOpeningPinViewVC.swift */; };
		8793F7932E113A6D008A47D5 /* BrimoNsReachMaxAttemptPinVC.swift in Sources */ = {isa = PBXBuildFile; fileRef = 8793F7922E113A6D008A47D5 /* BrimoNsReachMaxAttemptPinVC.swift */; };
		8793F7952E11453B008A47D5 /* CustomNumberKeyboard.swift in Sources */ = {isa = PBXBuildFile; fileRef = 8793F7942E11453B008A47D5 /* CustomNumberKeyboard.swift */; };
		8793F7972E114595008A47D5 /* SetoranAwalViewController.swift in Sources */ = {isa = PBXBuildFile; fileRef = 8793F7962E114595008A47D5 /* SetoranAwalViewController.swift */; };
		87A6E5B32E0F6F2900C3F4A3 /* AccountOpeningDepositConfirmationVC.swift in Sources */ = {isa = PBXBuildFile; fileRef = 87A6E5B22E0F6F2900C3F4A3 /* AccountOpeningDepositConfirmationVC.swift */; };
		87B2B4B82E1A58B300F7D6CB /* BrimoTypographyType.swift in Sources */ = {isa = PBXBuildFile; fileRef = 87B2B4B72E1A58B300F7D6CB /* BrimoTypographyType.swift */; };
		87B2B4BA2E1A58E500F7D6CB /* ConstantsColor.swift in Sources */ = {isa = PBXBuildFile; fileRef = 87B2B4B92E1A58E500F7D6CB /* ConstantsColor.swift */; };
		87B2B4BC2E1A590B00F7D6CB /* Brimo.swift in Sources */ = {isa = PBXBuildFile; fileRef = 87B2B4BB2E1A590B00F7D6CB /* Brimo.swift */; };
		87B2B4BF2E1A5A9100F7D6CB /* AccountListViewController.swift in Sources */ = {isa = PBXBuildFile; fileRef = 87B2B4BE2E1A5A9100F7D6CB /* AccountListViewController.swift */; };
		87B2B4C12E1A5A9D00F7D6CB /* AccountListTableViewCell.swift in Sources */ = {isa = PBXBuildFile; fileRef = 87B2B4C02E1A5A9D00F7D6CB /* AccountListTableViewCell.swift */; };
		87E3F8862E0E956300517830 /* BrimonsSearchView.swift in Sources */ = {isa = PBXBuildFile; fileRef = 87E3F8852E0E954E00517830 /* BrimonsSearchView.swift */; };
		87E3F89B2E0E9A3C00517830 /* AccountOpeningBranchSearchVC.swift in Sources */ = {isa = PBXBuildFile; fileRef = 87E3F89A2E0E9A3C00517830 /* AccountOpeningBranchSearchVC.swift */; };
		D64457FD2E1D24B9006BF51F /* CardManagementVC.swift in Sources */ = {isa = PBXBuildFile; fileRef = D64457FC2E1D24B9006BF51F /* CardManagementVC.swift */; };
		D64457FF2E1D29E3006BF51F /* MainHelper.swift in Sources */ = {isa = PBXBuildFile; fileRef = D64457FE2E1D29E3006BF51F /* MainHelper.swift */; };
		D64458032E1D2D38006BF51F /* CardManagementHeaderView.swift in Sources */ = {isa = PBXBuildFile; fileRef = D64458022E1D2D38006BF51F /* CardManagementHeaderView.swift */; };
		D64458072E1D3A45006BF51F /* CardInfoItem.swift in Sources */ = {isa = PBXBuildFile; fileRef = D64458062E1D3A45006BF51F /* CardInfoItem.swift */; };
		D644580B2E1D7054006BF51F /* StickyRoundedContainerView.swift in Sources */ = {isa = PBXBuildFile; fileRef = D644580A2E1D7054006BF51F /* StickyRoundedContainerView.swift */; };
		D644580E2E1DFA64006BF51F /* CardSettingsItem.swift in Sources */ = {isa = PBXBuildFile; fileRef = D644580D2E1DFA64006BF51F /* CardSettingsItem.swift */; };
		D64458112E1E1008006BF51F /* CardManagementSettingsView.swift in Sources */ = {isa = PBXBuildFile; fileRef = D64458102E1E1008006BF51F /* CardManagementSettingsView.swift */; };
		D64458132E1E1CB4006BF51F /* CostumizedSwitch.swift in Sources */ = {isa = PBXBuildFile; fileRef = D64458122E1E1CB4006BF51F /* CostumizedSwitch.swift */; };
		D64458152E1E1CD6006BF51F /* CostumizedImage.swift in Sources */ = {isa = PBXBuildFile; fileRef = D64458142E1E1CD6006BF51F /* CostumizedImage.swift */; };
		D6A14AD42E25F9F400AAE80E /* BlockedCardManagementVC.swift in Sources */ = {isa = PBXBuildFile; fileRef = D6A14AD32E25F9F400AAE80E /* BlockedCardManagementVC.swift */; };
/* End PBXBuildFile section */

/* Begin PBXCopyFilesBuildPhase section */
		87E3F8992E0E996300517830 /* Embed Frameworks */ = {
			isa = PBXCopyFilesBuildPhase;
			buildActionMask = 2147483647;
			dstPath = "";
			dstSubfolderSpec = 10;
			files = (
			);
			name = "Embed Frameworks";
			runOnlyForDeploymentPostprocessing = 0;
		};
/* End PBXCopyFilesBuildPhase section */

/* Begin PBXFileReference section */
		32FBE2FA2E838D49EA8B73D2 /* Pods_BottomSheetViewControllerExample.framework */ = {isa = PBXFileReference; explicitFileType = wrapper.framework; includeInIndex = 0; path = Pods_BottomSheetViewControllerExample.framework; sourceTree = BUILT_PRODUCTS_DIR; };
		363EFD432E1B77460043BCFF /* CardDetailManagerVC.swift */ = {isa = PBXFileReference; lastKnownFileType = sourcecode.swift; path = CardDetailManagerVC.swift; sourceTree = "<group>"; };
		363EFD452E1B80740043BCFF /* AccountCardManagerHeaderView.swift */ = {isa = PBXFileReference; lastKnownFileType = sourcecode.swift; path = AccountCardManagerHeaderView.swift; sourceTree = "<group>"; };
		363EFD472E1B82000043BCFF /* Helper.swift */ = {isa = PBXFileReference; lastKnownFileType = sourcecode.swift; path = Helper.swift; sourceTree = "<group>"; };
		363EFD4E2E1BA01D0043BCFF /* AccountCardManagerCategoryView.swift */ = {isa = PBXFileReference; lastKnownFileType = sourcecode.swift; path = AccountCardManagerCategoryView.swift; sourceTree = "<group>"; };
		363EFD502E1BA8060043BCFF /* AccountCardDetailManagerAtivityView.swift */ = {isa = PBXFileReference; lastKnownFileType = sourcecode.swift; path = AccountCardDetailManagerAtivityView.swift; sourceTree = "<group>"; };
		363EFD532E1BD23B0043BCFF /* CardDetailInformationVC.swift */ = {isa = PBXFileReference; lastKnownFileType = sourcecode.swift; path = CardDetailInformationVC.swift; sourceTree = "<group>"; };
		363EFD552E1C84210043BCFF /* CardAccountDetailInfoView.swift */ = {isa = PBXFileReference; lastKnownFileType = sourcecode.swift; path = CardAccountDetailInfoView.swift; sourceTree = "<group>"; };
		36432D852E1CB50000055F79 /* InputField.swift */ = {isa = PBXFileReference; lastKnownFileType = sourcecode.swift; path = InputField.swift; sourceTree = "<group>"; };
		36432D882E1CB68900055F79 /* CardDetailEditInformationVC.swift */ = {isa = PBXFileReference; lastKnownFileType = sourcecode.swift; path = CardDetailEditInformationVC.swift; sourceTree = "<group>"; };
		36432D8A2E1CBF3900055F79 /* FormFieldInformationView.swift */ = {isa = PBXFileReference; lastKnownFileType = sourcecode.swift; path = FormFieldInformationView.swift; sourceTree = "<group>"; };
		36432D8D2E1CD2AD00055F79 /* BiFastSetupVC.swift */ = {isa = PBXFileReference; lastKnownFileType = sourcecode.swift; path = BiFastSetupVC.swift; sourceTree = "<group>"; };
		36432D8F2E1CD3EB00055F79 /* BiFastCardView.swift */ = {isa = PBXFileReference; lastKnownFileType = sourcecode.swift; path = BiFastCardView.swift; sourceTree = "<group>"; };
		36432D912E1CEAE700055F79 /* BiInformationAlertView.swift */ = {isa = PBXFileReference; lastKnownFileType = sourcecode.swift; path = BiInformationAlertView.swift; sourceTree = "<group>"; };
		36432D942E1CFF4A00055F79 /* BiFastActivatedPhoneVC.swift */ = {isa = PBXFileReference; lastKnownFileType = sourcecode.swift; path = BiFastActivatedPhoneVC.swift; sourceTree = "<group>"; };
		36432D962E1D02C700055F79 /* BIFastCardActiveView.swift */ = {isa = PBXFileReference; lastKnownFileType = sourcecode.swift; path = BIFastCardActiveView.swift; sourceTree = "<group>"; };
		3674B1BC2E1F25FB0065BE1F /* NotifyTransactionView.swift */ = {isa = PBXFileReference; lastKnownFileType = sourcecode.swift; path = NotifyTransactionView.swift; sourceTree = "<group>"; };
		3687FBEA2E1E12DE00BCC6EC /* BIFastCardSuccessFooterView.swift */ = {isa = PBXFileReference; lastKnownFileType = sourcecode.swift; path = BIFastCardSuccessFooterView.swift; sourceTree = "<group>"; };
		3687FBEC2E1E3D0F00BCC6EC /* BottomSheetWithTwoBtnVC.swift */ = {isa = PBXFileReference; lastKnownFileType = sourcecode.swift; path = BottomSheetWithTwoBtnVC.swift; sourceTree = "<group>"; };
		3687FBEF2E1E529E00BCC6EC /* BiFastActivatedEmaillVC.swift */ = {isa = PBXFileReference; lastKnownFileType = sourcecode.swift; path = BiFastActivatedEmaillVC.swift; sourceTree = "<group>"; };
		3694837B2E1F98310069E46F /* PhoneNumberInfoView.swift */ = {isa = PBXFileReference; lastKnownFileType = sourcecode.swift; path = PhoneNumberInfoView.swift; sourceTree = "<group>"; };
		3694837E2E1F9ACE0069E46F /* WhatsAppNotificationConfigVC.swift */ = {isa = PBXFileReference; lastKnownFileType = sourcecode.swift; path = WhatsAppNotificationConfigVC.swift; sourceTree = "<group>"; };
		369483822E1FB9C20069E46F /* AccountOpeningCompleteViewController.swift */ = {isa = PBXFileReference; fileEncoding = 4; lastKnownFileType = sourcecode.swift; path = AccountOpeningCompleteViewController.swift; sourceTree = "<group>"; };
		36E7CD032E1F21C500FACACF /* NotifyTransactionManagerVC.swift */ = {isa = PBXFileReference; lastKnownFileType = sourcecode.swift; path = NotifyTransactionManagerVC.swift; sourceTree = "<group>"; };
		4293F4D43D94AD655BC8BE2B /* Pods-BottomSheetViewControllerExample.debug.xcconfig */ = {isa = PBXFileReference; includeInIndex = 1; lastKnownFileType = text.xcconfig; name = "Pods-BottomSheetViewControllerExample.debug.xcconfig"; path = "Target Support Files/Pods-BottomSheetViewControllerExample/Pods-BottomSheetViewControllerExample.debug.xcconfig"; sourceTree = "<group>"; };
		8619D2582A2C751B00AB91A8 /* BottomSheetViewControllerExample.app */ = {isa = PBXFileReference; explicitFileType = wrapper.application; includeInIndex = 0; path = BottomSheetViewControllerExample.app; sourceTree = BUILT_PRODUCTS_DIR; };
		8619D25B2A2C751B00AB91A8 /* AppDelegate.swift */ = {isa = PBXFileReference; lastKnownFileType = sourcecode.swift; path = AppDelegate.swift; sourceTree = "<group>"; };
		8619D25D2A2C751B00AB91A8 /* SceneDelegate.swift */ = {isa = PBXFileReference; lastKnownFileType = sourcecode.swift; path = SceneDelegate.swift; sourceTree = "<group>"; };
		8619D25F2A2C751B00AB91A8 /* HomeViewController.swift */ = {isa = PBXFileReference; lastKnownFileType = sourcecode.swift; path = HomeViewController.swift; sourceTree = "<group>"; };
		8619D2622A2C751B00AB91A8 /* Base */ = {isa = PBXFileReference; lastKnownFileType = file.storyboard; name = Base; path = Base.lproj/Main.storyboard; sourceTree = "<group>"; };
		8619D2642A2C751C00AB91A8 /* Assets.xcassets */ = {isa = PBXFileReference; lastKnownFileType = folder.assetcatalog; path = Assets.xcassets; sourceTree = "<group>"; };
		8619D2672A2C751C00AB91A8 /* Base */ = {isa = PBXFileReference; lastKnownFileType = file.storyboard; name = Base; path = Base.lproj/LaunchScreen.storyboard; sourceTree = "<group>"; };
		8619D2692A2C751C00AB91A8 /* Info.plist */ = {isa = PBXFileReference; lastKnownFileType = text.plist.xml; path = Info.plist; sourceTree = "<group>"; };
		8619D2702A2C764300AB91A8 /* BrimonsBottomSheetVC.swift */ = {isa = PBXFileReference; lastKnownFileType = sourcecode.swift; path = BrimonsBottomSheetVC.swift; sourceTree = "<group>"; };
		8619D2722A2CA0E800AB91A8 /* DemoBottomSheetViewController.swift */ = {isa = PBXFileReference; lastKnownFileType = sourcecode.swift; path = DemoBottomSheetViewController.swift; sourceTree = "<group>"; };
		86C8094A2A30D4F9008204D8 /* PageSettings.swift */ = {isa = PBXFileReference; lastKnownFileType = sourcecode.swift; path = PageSettings.swift; sourceTree = "<group>"; };
		8726DE4E2E19207500EE4B73 /* DepositoKeyValueItemSet.swift */ = {isa = PBXFileReference; lastKnownFileType = sourcecode.swift; path = DepositoKeyValueItemSet.swift; sourceTree = "<group>"; };
		87282D032E15410D006A9B63 /* MainTableViewCell.swift */ = {isa = PBXFileReference; lastKnownFileType = sourcecode.swift; path = MainTableViewCell.swift; sourceTree = "<group>"; };
		8733248B2E0F81320040698B /* FundingSourceSectionView.swift */ = {isa = PBXFileReference; lastKnownFileType = sourcecode.swift; path = FundingSourceSectionView.swift; sourceTree = "<group>"; };
		8733248D2E0F813D0040698B /* InitialDepositDetailView.swift */ = {isa = PBXFileReference; lastKnownFileType = sourcecode.swift; path = InitialDepositDetailView.swift; sourceTree = "<group>"; };
		8733248F2E0F82AD0040698B /* BranchOpeningView.swift */ = {isa = PBXFileReference; lastKnownFileType = sourcecode.swift; path = BranchOpeningView.swift; sourceTree = "<group>"; };
		8793F77F2E111067008A47D5 /* AccountSuccessOpenInfoView.swift */ = {isa = PBXFileReference; lastKnownFileType = sourcecode.swift; path = AccountSuccessOpenInfoView.swift; sourceTree = "<group>"; };
		8793F7832E1114F8008A47D5 /* RecommendedProductsView.swift */ = {isa = PBXFileReference; lastKnownFileType = sourcecode.swift; path = RecommendedProductsView.swift; sourceTree = "<group>"; };
		8793F7852E111657008A47D5 /* RecommendedProductCell.swift */ = {isa = PBXFileReference; lastKnownFileType = sourcecode.swift; path = RecommendedProductCell.swift; sourceTree = "<group>"; };
		8793F7872E1126EA008A47D5 /* AccountOpeningCompleteHeaderView.swift */ = {isa = PBXFileReference; lastKnownFileType = sourcecode.swift; path = AccountOpeningCompleteHeaderView.swift; sourceTree = "<group>"; };
		8793F78A2E112F91008A47D5 /* BrimoNsPinReusableView.swift */ = {isa = PBXFileReference; lastKnownFileType = sourcecode.swift; path = BrimoNsPinReusableView.swift; sourceTree = "<group>"; };
		8793F78C2E113063008A47D5 /* BrimoNsReusablePinProtocol.swift */ = {isa = PBXFileReference; lastKnownFileType = sourcecode.swift; path = BrimoNsReusablePinProtocol.swift; sourceTree = "<group>"; };
		8793F78E2E1130AA008A47D5 /* AccountOpeningPinViewVM.swift */ = {isa = PBXFileReference; lastKnownFileType = sourcecode.swift; path = AccountOpeningPinViewVM.swift; sourceTree = "<group>"; };
		8793F7902E1132FF008A47D5 /* AccountOpeningPinViewVC.swift */ = {isa = PBXFileReference; lastKnownFileType = sourcecode.swift; path = AccountOpeningPinViewVC.swift; sourceTree = "<group>"; };
		8793F7922E113A6D008A47D5 /* BrimoNsReachMaxAttemptPinVC.swift */ = {isa = PBXFileReference; lastKnownFileType = sourcecode.swift; path = BrimoNsReachMaxAttemptPinVC.swift; sourceTree = "<group>"; };
		8793F7942E11453B008A47D5 /* CustomNumberKeyboard.swift */ = {isa = PBXFileReference; lastKnownFileType = sourcecode.swift; path = CustomNumberKeyboard.swift; sourceTree = "<group>"; };
		8793F7962E114595008A47D5 /* SetoranAwalViewController.swift */ = {isa = PBXFileReference; lastKnownFileType = sourcecode.swift; path = SetoranAwalViewController.swift; sourceTree = "<group>"; };
		87A6E5B22E0F6F2900C3F4A3 /* AccountOpeningDepositConfirmationVC.swift */ = {isa = PBXFileReference; lastKnownFileType = sourcecode.swift; path = AccountOpeningDepositConfirmationVC.swift; sourceTree = "<group>"; };
		87B2B4B72E1A58B300F7D6CB /* BrimoTypographyType.swift */ = {isa = PBXFileReference; lastKnownFileType = sourcecode.swift; path = BrimoTypographyType.swift; sourceTree = "<group>"; };
		87B2B4B92E1A58E500F7D6CB /* ConstantsColor.swift */ = {isa = PBXFileReference; lastKnownFileType = sourcecode.swift; path = ConstantsColor.swift; sourceTree = "<group>"; };
		87B2B4BB2E1A590B00F7D6CB /* Brimo.swift */ = {isa = PBXFileReference; lastKnownFileType = sourcecode.swift; path = Brimo.swift; sourceTree = "<group>"; };
		87B2B4BE2E1A5A9100F7D6CB /* AccountListViewController.swift */ = {isa = PBXFileReference; lastKnownFileType = sourcecode.swift; path = AccountListViewController.swift; sourceTree = "<group>"; };
		87B2B4C02E1A5A9D00F7D6CB /* AccountListTableViewCell.swift */ = {isa = PBXFileReference; lastKnownFileType = sourcecode.swift; path = AccountListTableViewCell.swift; sourceTree = "<group>"; };
		87E3F8852E0E954E00517830 /* BrimonsSearchView.swift */ = {isa = PBXFileReference; lastKnownFileType = sourcecode.swift; path = BrimonsSearchView.swift; sourceTree = "<group>"; };
		87E3F89A2E0E9A3C00517830 /* AccountOpeningBranchSearchVC.swift */ = {isa = PBXFileReference; lastKnownFileType = sourcecode.swift; path = AccountOpeningBranchSearchVC.swift; sourceTree = "<group>"; };
		98A4FEAB4C8EEF3551E1F7B3 /* Pods-BottomSheetViewControllerExample.release.xcconfig */ = {isa = PBXFileReference; includeInIndex = 1; lastKnownFileType = text.xcconfig; name = "Pods-BottomSheetViewControllerExample.release.xcconfig"; path = "Target Support Files/Pods-BottomSheetViewControllerExample/Pods-BottomSheetViewControllerExample.release.xcconfig"; sourceTree = "<group>"; };
		D64457FC2E1D24B9006BF51F /* CardManagementVC.swift */ = {isa = PBXFileReference; lastKnownFileType = sourcecode.swift; path = CardManagementVC.swift; sourceTree = "<group>"; };
		D64457FE2E1D29E3006BF51F /* MainHelper.swift */ = {isa = PBXFileReference; lastKnownFileType = sourcecode.swift; path = MainHelper.swift; sourceTree = "<group>"; };
		D64458022E1D2D38006BF51F /* CardManagementHeaderView.swift */ = {isa = PBXFileReference; lastKnownFileType = sourcecode.swift; path = CardManagementHeaderView.swift; sourceTree = "<group>"; };
		D64458062E1D3A45006BF51F /* CardInfoItem.swift */ = {isa = PBXFileReference; lastKnownFileType = sourcecode.swift; path = CardInfoItem.swift; sourceTree = "<group>"; };
		D644580A2E1D7054006BF51F /* StickyRoundedContainerView.swift */ = {isa = PBXFileReference; lastKnownFileType = sourcecode.swift; path = StickyRoundedContainerView.swift; sourceTree = "<group>"; };
		D644580D2E1DFA64006BF51F /* CardSettingsItem.swift */ = {isa = PBXFileReference; lastKnownFileType = sourcecode.swift; path = CardSettingsItem.swift; sourceTree = "<group>"; };
		D64458102E1E1008006BF51F /* CardManagementSettingsView.swift */ = {isa = PBXFileReference; lastKnownFileType = sourcecode.swift; path = CardManagementSettingsView.swift; sourceTree = "<group>"; };
		D64458122E1E1CB4006BF51F /* CostumizedSwitch.swift */ = {isa = PBXFileReference; lastKnownFileType = sourcecode.swift; path = CostumizedSwitch.swift; sourceTree = "<group>"; };
		D64458142E1E1CD6006BF51F /* CostumizedImage.swift */ = {isa = PBXFileReference; lastKnownFileType = sourcecode.swift; path = CostumizedImage.swift; sourceTree = "<group>"; };
		D6A14AD32E25F9F400AAE80E /* BlockedCardManagementVC.swift */ = {isa = PBXFileReference; lastKnownFileType = sourcecode.swift; path = BlockedCardManagementVC.swift; sourceTree = "<group>"; };
/* End PBXFileReference section */

/* Begin PBXFrameworksBuildPhase section */
		8619D2552A2C751B00AB91A8 /* Frameworks */ = {
			isa = PBXFrameworksBuildPhase;
			buildActionMask = 2147483647;
			files = (
				80992495A6EE83CB0D199D80 /* Pods_BottomSheetViewControllerExample.framework in Frameworks */,
			);
			runOnlyForDeploymentPostprocessing = 0;
		};
/* End PBXFrameworksBuildPhase section */

/* Begin PBXGroup section */
		07BAFF10660B55D6B77B8351 /* Frameworks */ = {
			isa = PBXGroup;
			children = (
				32FBE2FA2E838D49EA8B73D2 /* Pods_BottomSheetViewControllerExample.framework */,
			);
			name = Frameworks;
			sourceTree = "<group>";
		};
		363EFD422E1B77310043BCFF /* Pengelolaan Kartu */ = {
			isa = PBXGroup;
			children = (
				D644580C2E1DF97C006BF51F /* Views */,
				D64457FB2E1D24A7006BF51F /* CardManagement */,
				363EFD522E1BD21B0043BCFF /* CardDetailInformationVC */,
				363EFD432E1B77460043BCFF /* CardDetailManagerVC.swift */,
				363EFD452E1B80740043BCFF /* AccountCardManagerHeaderView.swift */,
				363EFD4E2E1BA01D0043BCFF /* AccountCardManagerCategoryView.swift */,
				363EFD502E1BA8060043BCFF /* AccountCardDetailManagerAtivityView.swift */,
			);
			path = "Pengelolaan Kartu";
			sourceTree = "<group>";
		};
		363EFD4B2E1B88150043BCFF /* Helper */ = {
			isa = PBXGroup;
			children = (
				36432D8A2E1CBF3900055F79 /* FormFieldInformationView.swift */,
				36432D852E1CB50000055F79 /* InputField.swift */,
				D64457FE2E1D29E3006BF51F /* MainHelper.swift */,
				3687FBEC2E1E3D0F00BCC6EC /* BottomSheetWithTwoBtnVC.swift */,
			);
			path = Helper;
			sourceTree = "<group>";
		};
		363EFD522E1BD21B0043BCFF /* CardDetailInformationVC */ = {
			isa = PBXGroup;
			children = (
				36E7CD022E1F214800FACACF /* NotifyTransactionManagerView */,
				36432D8C2E1CD28E00055F79 /* BiFast */,
				36432D872E1CB65D00055F79 /* EditInformation */,
				363EFD532E1BD23B0043BCFF /* CardDetailInformationVC.swift */,
				363EFD552E1C84210043BCFF /* CardAccountDetailInfoView.swift */,
			);
			path = CardDetailInformationVC;
			sourceTree = "<group>";
		};
		36432D872E1CB65D00055F79 /* EditInformation */ = {
			isa = PBXGroup;
			children = (
				36432D882E1CB68900055F79 /* CardDetailEditInformationVC.swift */,
			);
			path = EditInformation;
			sourceTree = "<group>";
		};
		36432D8C2E1CD28E00055F79 /* BiFast */ = {
			isa = PBXGroup;
			children = (
				3687FBEE2E1E527B00BCC6EC /* BiFastActivatedEmail */,
				36432D932E1CFF2700055F79 /* BiFastActive */,
				36432D912E1CEAE700055F79 /* BiInformationAlertView.swift */,
				36432D8F2E1CD3EB00055F79 /* BiFastCardView.swift */,
				36432D8D2E1CD2AD00055F79 /* BiFastSetupVC.swift */,
			);
			path = BiFast;
			sourceTree = "<group>";
		};
		36432D932E1CFF2700055F79 /* BiFastActive */ = {
			isa = PBXGroup;
			children = (
				36432D962E1D02C700055F79 /* BIFastCardActiveView.swift */,
				36432D942E1CFF4A00055F79 /* BiFastActivatedPhoneVC.swift */,
				3687FBEA2E1E12DE00BCC6EC /* BIFastCardSuccessFooterView.swift */,
			);
			path = BiFastActive;
			sourceTree = "<group>";
		};
		3687FBEE2E1E527B00BCC6EC /* BiFastActivatedEmail */ = {
			isa = PBXGroup;
			children = (
				3687FBEF2E1E529E00BCC6EC /* BiFastActivatedEmaillVC.swift */,
			);
			path = BiFastActivatedEmail;
			sourceTree = "<group>";
		};
		3694837D2E1F9A5F0069E46F /* AturNotificationWhatsApp */ = {
			isa = PBXGroup;
			children = (
				3694837E2E1F9ACE0069E46F /* WhatsAppNotificationConfigVC.swift */,
			);
			path = AturNotificationWhatsApp;
			sourceTree = "<group>";
		};
		369483812E1FB9A40069E46F /* ConfirmationView */ = {
			isa = PBXGroup;
			children = (
				369483822E1FB9C20069E46F /* AccountOpeningCompleteViewController.swift */,
			);
			path = ConfirmationView;
			sourceTree = "<group>";
		};
		36E7CD022E1F214800FACACF /* NotifyTransactionManagerView */ = {
			isa = PBXGroup;
			children = (
				3694837D2E1F9A5F0069E46F /* AturNotificationWhatsApp */,
				36E7CD032E1F21C500FACACF /* NotifyTransactionManagerVC.swift */,
				3674B1BC2E1F25FB0065BE1F /* NotifyTransactionView.swift */,
				3694837B2E1F98310069E46F /* PhoneNumberInfoView.swift */,
			);
			path = NotifyTransactionManagerView;
			sourceTree = "<group>";
		};
		8619D24F2A2C751B00AB91A8 = {
			isa = PBXGroup;
			children = (
				8619D25A2A2C751B00AB91A8 /* BottomSheetViewControllerExample */,
				8619D2592A2C751B00AB91A8 /* Products */,
				AC59476EE3457F7A0A87B246 /* Pods */,
				07BAFF10660B55D6B77B8351 /* Frameworks */,
			);
			sourceTree = "<group>";
		};
		8619D2592A2C751B00AB91A8 /* Products */ = {
			isa = PBXGroup;
			children = (
				8619D2582A2C751B00AB91A8 /* BottomSheetViewControllerExample.app */,
			);
			name = Products;
			sourceTree = "<group>";
		};
		8619D25A2A2C751B00AB91A8 /* BottomSheetViewControllerExample */ = {
			isa = PBXGroup;
			children = (
				369483812E1FB9A40069E46F /* ConfirmationView */,
				363EFD4B2E1B88150043BCFF /* Helper */,
				363EFD422E1B77310043BCFF /* Pengelolaan Kartu */,
				87B2B4BD2E1A5A8A00F7D6CB /* ListRekening */,
				8726DE4D2E19206C00EE4B73 /* komponent */,
				87282D032E15410D006A9B63 /* MainTableViewCell.swift */,
				8793F7962E114595008A47D5 /* SetoranAwalViewController.swift */,
				8793F7942E11453B008A47D5 /* CustomNumberKeyboard.swift */,
				8793F7892E112F5F008A47D5 /* PIN */,
				8793F77C2E110F97008A47D5 /* SuccessOpenAccount */,
				87A6E5B12E0F6F2000C3F4A3 /* Konfirmasi Screen */,
				87E3F8842E0E954300517830 /* BottomSheetWithSearch */,
				8619D26F2A2C763200AB91A8 /* BottomSheetViewController */,
				8619D25B2A2C751B00AB91A8 /* AppDelegate.swift */,
				8619D25D2A2C751B00AB91A8 /* SceneDelegate.swift */,
				8619D25F2A2C751B00AB91A8 /* HomeViewController.swift */,
				86C8094A2A30D4F9008204D8 /* PageSettings.swift */,
				8619D2722A2CA0E800AB91A8 /* DemoBottomSheetViewController.swift */,
				8619D2612A2C751B00AB91A8 /* Main.storyboard */,
				8619D2642A2C751C00AB91A8 /* Assets.xcassets */,
				8619D2662A2C751C00AB91A8 /* LaunchScreen.storyboard */,
				8619D2692A2C751C00AB91A8 /* Info.plist */,
				363EFD472E1B82000043BCFF /* Helper.swift */,
			);
			path = BottomSheetViewControllerExample;
			sourceTree = "<group>";
		};
		8619D26F2A2C763200AB91A8 /* BottomSheetViewController */ = {
			isa = PBXGroup;
			children = (
				8619D2702A2C764300AB91A8 /* BrimonsBottomSheetVC.swift */,
			);
			path = BottomSheetViewController;
			sourceTree = "<group>";
		};
		8726DE4D2E19206C00EE4B73 /* komponent */ = {
			isa = PBXGroup;
			children = (
				87B2B4BB2E1A590B00F7D6CB /* Brimo.swift */,
				87B2B4B92E1A58E500F7D6CB /* ConstantsColor.swift */,
				87B2B4B72E1A58B300F7D6CB /* BrimoTypographyType.swift */,
				8726DE4E2E19207500EE4B73 /* DepositoKeyValueItemSet.swift */,
			);
			path = komponent;
			sourceTree = "<group>";
		};
		8793F77C2E110F97008A47D5 /* SuccessOpenAccount */ = {
			isa = PBXGroup;
			children = (
				8793F7872E1126EA008A47D5 /* AccountOpeningCompleteHeaderView.swift */,
				8793F7852E111657008A47D5 /* RecommendedProductCell.swift */,
				8793F7832E1114F8008A47D5 /* RecommendedProductsView.swift */,
				8793F77F2E111067008A47D5 /* AccountSuccessOpenInfoView.swift */,
			);
			path = SuccessOpenAccount;
			sourceTree = "<group>";
		};
		8793F7892E112F5F008A47D5 /* PIN */ = {
			isa = PBXGroup;
			children = (
				8793F78E2E1130AA008A47D5 /* AccountOpeningPinViewVM.swift */,
				8793F78C2E113063008A47D5 /* BrimoNsReusablePinProtocol.swift */,
				8793F78A2E112F91008A47D5 /* BrimoNsPinReusableView.swift */,
				8793F7902E1132FF008A47D5 /* AccountOpeningPinViewVC.swift */,
				8793F7922E113A6D008A47D5 /* BrimoNsReachMaxAttemptPinVC.swift */,
			);
			path = PIN;
			sourceTree = "<group>";
		};
		87A6E5B12E0F6F2000C3F4A3 /* Konfirmasi Screen */ = {
			isa = PBXGroup;
			children = (
				8733248F2E0F82AD0040698B /* BranchOpeningView.swift */,
				8733248D2E0F813D0040698B /* InitialDepositDetailView.swift */,
				8733248B2E0F81320040698B /* FundingSourceSectionView.swift */,
				87A6E5B22E0F6F2900C3F4A3 /* AccountOpeningDepositConfirmationVC.swift */,
			);
			path = "Konfirmasi Screen";
			sourceTree = "<group>";
		};
		87B2B4BD2E1A5A8A00F7D6CB /* ListRekening */ = {
			isa = PBXGroup;
			children = (
				87B2B4C02E1A5A9D00F7D6CB /* AccountListTableViewCell.swift */,
				87B2B4BE2E1A5A9100F7D6CB /* AccountListViewController.swift */,
			);
			path = ListRekening;
			sourceTree = "<group>";
		};
		87E3F8842E0E954300517830 /* BottomSheetWithSearch */ = {
			isa = PBXGroup;
			children = (
				87E3F8852E0E954E00517830 /* BrimonsSearchView.swift */,
				87E3F89A2E0E9A3C00517830 /* AccountOpeningBranchSearchVC.swift */,
			);
			path = BottomSheetWithSearch;
			sourceTree = "<group>";
		};
		AC59476EE3457F7A0A87B246 /* Pods */ = {
			isa = PBXGroup;
			children = (
				4293F4D43D94AD655BC8BE2B /* Pods-BottomSheetViewControllerExample.debug.xcconfig */,
				98A4FEAB4C8EEF3551E1F7B3 /* Pods-BottomSheetViewControllerExample.release.xcconfig */,
			);
			path = Pods;
			sourceTree = "<group>";
		};
		D64457FB2E1D24A7006BF51F /* CardManagement */ = {
			isa = PBXGroup;
			children = (
				D644580F2E1E02DA006BF51F /* Views */,
				D64457FC2E1D24B9006BF51F /* CardManagementVC.swift */,
				D6A14AD32E25F9F400AAE80E /* BlockedCardManagementVC.swift */,
			);
			path = CardManagement;
			sourceTree = "<group>";
		};
		D644580C2E1DF97C006BF51F /* Views */ = {
			isa = PBXGroup;
			children = (
				D644580A2E1D7054006BF51F /* StickyRoundedContainerView.swift */,
			);
			path = Views;
			sourceTree = "<group>";
		};
		D644580F2E1E02DA006BF51F /* Views */ = {
			isa = PBXGroup;
			children = (
				D64458022E1D2D38006BF51F /* CardManagementHeaderView.swift */,
				D64458062E1D3A45006BF51F /* CardInfoItem.swift */,
				D644580D2E1DFA64006BF51F /* CardSettingsItem.swift */,
				D64458102E1E1008006BF51F /* CardManagementSettingsView.swift */,
				D64458122E1E1CB4006BF51F /* CostumizedSwitch.swift */,
				D64458142E1E1CD6006BF51F /* CostumizedImage.swift */,
			);
			path = Views;
			sourceTree = "<group>";
		};
/* End PBXGroup section */

/* Begin PBXNativeTarget section */
		8619D2572A2C751B00AB91A8 /* BottomSheetViewControllerExample */ = {
			isa = PBXNativeTarget;
			buildConfigurationList = 8619D26C2A2C751C00AB91A8 /* Build configuration list for PBXNativeTarget "BottomSheetViewControllerExample" */;
			buildPhases = (
				11388B99C2E0B308E8226C8C /* [CP] Check Pods Manifest.lock */,
				8619D2542A2C751B00AB91A8 /* Sources */,
				8619D2552A2C751B00AB91A8 /* Frameworks */,
				8619D2562A2C751B00AB91A8 /* Resources */,
				87E3F8992E0E996300517830 /* Embed Frameworks */,
				4319CDA9A5C7270C5E05CF26 /* [CP] Embed Pods Frameworks */,
			);
			buildRules = (
			);
			dependencies = (
			);
			name = BottomSheetViewControllerExample;
			productName = BottomSheetViewControllerExample;
			productReference = 8619D2582A2C751B00AB91A8 /* BottomSheetViewControllerExample.app */;
			productType = "com.apple.product-type.application";
		};
/* End PBXNativeTarget section */

/* Begin PBXProject section */
		8619D2502A2C751B00AB91A8 /* Project object */ = {
			isa = PBXProject;
			attributes = {
				BuildIndependentTargetsInParallel = 1;
				LastSwiftUpdateCheck = 1420;
				LastUpgradeCheck = 1420;
				TargetAttributes = {
					8619D2572A2C751B00AB91A8 = {
						CreatedOnToolsVersion = 14.2;
					};
				};
			};
			buildConfigurationList = 8619D2532A2C751B00AB91A8 /* Build configuration list for PBXProject "BottomSheetViewControllerExample" */;
			compatibilityVersion = "Xcode 14.0";
			developmentRegion = en;
			hasScannedForEncodings = 0;
			knownRegions = (
				en,
				Base,
			);
			mainGroup = 8619D24F2A2C751B00AB91A8;
			packageReferences = (
			);
			productRefGroup = 8619D2592A2C751B00AB91A8 /* Products */;
			projectDirPath = "";
			projectRoot = "";
			targets = (
				8619D2572A2C751B00AB91A8 /* BottomSheetViewControllerExample */,
			);
		};
/* End PBXProject section */

/* Begin PBXResourcesBuildPhase section */
		8619D2562A2C751B00AB91A8 /* Resources */ = {
			isa = PBXResourcesBuildPhase;
			buildActionMask = 2147483647;
			files = (
				8619D2682A2C751C00AB91A8 /* LaunchScreen.storyboard in Resources */,
				8619D2652A2C751C00AB91A8 /* Assets.xcassets in Resources */,
				8619D2632A2C751B00AB91A8 /* Main.storyboard in Resources */,
			);
			runOnlyForDeploymentPostprocessing = 0;
		};
/* End PBXResourcesBuildPhase section */

/* Begin PBXShellScriptBuildPhase section */
		11388B99C2E0B308E8226C8C /* [CP] Check Pods Manifest.lock */ = {
			isa = PBXShellScriptBuildPhase;
			buildActionMask = 2147483647;
			files = (
			);
			inputFileListPaths = (
			);
			inputPaths = (
				"${PODS_PODFILE_DIR_PATH}/Podfile.lock",
				"${PODS_ROOT}/Manifest.lock",
			);
			name = "[CP] Check Pods Manifest.lock";
			outputFileListPaths = (
			);
			outputPaths = (
				"$(DERIVED_FILE_DIR)/Pods-BottomSheetViewControllerExample-checkManifestLockResult.txt",
			);
			runOnlyForDeploymentPostprocessing = 0;
			shellPath = /bin/sh;
			shellScript = "diff \"${PODS_PODFILE_DIR_PATH}/Podfile.lock\" \"${PODS_ROOT}/Manifest.lock\" > /dev/null\nif [ $? != 0 ] ; then\n    # print error to STDERR\n    echo \"error: The sandbox is not in sync with the Podfile.lock. Run 'pod install' or update your CocoaPods installation.\" >&2\n    exit 1\nfi\n# This output is used by Xcode 'outputs' to avoid re-running this script phase.\necho \"SUCCESS\" > \"${SCRIPT_OUTPUT_FILE_0}\"\n";
			showEnvVarsInLog = 0;
		};
		4319CDA9A5C7270C5E05CF26 /* [CP] Embed Pods Frameworks */ = {
			isa = PBXShellScriptBuildPhase;
			buildActionMask = 2147483647;
			files = (
			);
			inputFileListPaths = (
				"${PODS_ROOT}/Target Support Files/Pods-BottomSheetViewControllerExample/Pods-BottomSheetViewControllerExample-frameworks-${CONFIGURATION}-input-files.xcfilelist",
			);
			name = "[CP] Embed Pods Frameworks";
			outputFileListPaths = (
				"${PODS_ROOT}/Target Support Files/Pods-BottomSheetViewControllerExample/Pods-BottomSheetViewControllerExample-frameworks-${CONFIGURATION}-output-files.xcfilelist",
			);
			runOnlyForDeploymentPostprocessing = 0;
			shellPath = /bin/sh;
			shellScript = "\"${PODS_ROOT}/Target Support Files/Pods-BottomSheetViewControllerExample/Pods-BottomSheetViewControllerExample-frameworks.sh\"\n";
			showEnvVarsInLog = 0;
		};
/* End PBXShellScriptBuildPhase section */

/* Begin PBXSourcesBuildPhase section */
		8619D2542A2C751B00AB91A8 /* Sources */ = {
			isa = PBXSourcesBuildPhase;
			buildActionMask = 2147483647;
			files = (
				D64458072E1D3A45006BF51F /* CardInfoItem.swift in Sources */,
				D644580B2E1D7054006BF51F /* StickyRoundedContainerView.swift in Sources */,
				D64457FF2E1D29E3006BF51F /* MainHelper.swift in Sources */,
				86C8094B2A30D4F9008204D8 /* PageSettings.swift in Sources */,
				87B2B4BF2E1A5A9100F7D6CB /* AccountListViewController.swift in Sources */,
				D64457FD2E1D24B9006BF51F /* CardManagementVC.swift in Sources */,
				87A6E5B32E0F6F2900C3F4A3 /* AccountOpeningDepositConfirmationVC.swift in Sources */,
				8793F7802E111067008A47D5 /* AccountSuccessOpenInfoView.swift in Sources */,
				3694837F2E1F9ACE0069E46F /* WhatsAppNotificationConfigVC.swift in Sources */,
				36432D8E2E1CD2AD00055F79 /* BiFastSetupVC.swift in Sources */,
				D64458132E1E1CB4006BF51F /* CostumizedSwitch.swift in Sources */,
				363EFD562E1C84210043BCFF /* CardAccountDetailInfoView.swift in Sources */,
				8793F78B2E112F91008A47D5 /* BrimoNsPinReusableView.swift in Sources */,
				8793F7912E1132FF008A47D5 /* AccountOpeningPinViewVC.swift in Sources */,
				363EFD542E1BD23B0043BCFF /* CardDetailInformationVC.swift in Sources */,
				D64458032E1D2D38006BF51F /* CardManagementHeaderView.swift in Sources */,
				36E7CD042E1F21C500FACACF /* NotifyTransactionManagerVC.swift in Sources */,
				36432D902E1CD3EB00055F79 /* BiFastCardView.swift in Sources */,
				3694837C2E1F98310069E46F /* PhoneNumberInfoView.swift in Sources */,
				87E3F89B2E0E9A3C00517830 /* AccountOpeningBranchSearchVC.swift in Sources */,
				36432D892E1CB68900055F79 /* CardDetailEditInformationVC.swift in Sources */,
				3687FBEB2E1E12DE00BCC6EC /* BIFastCardSuccessFooterView.swift in Sources */,
				87B2B4BA2E1A58E500F7D6CB /* ConstantsColor.swift in Sources */,
				8619D2732A2CA0E800AB91A8 /* DemoBottomSheetViewController.swift in Sources */,
				8619D2602A2C751B00AB91A8 /* HomeViewController.swift in Sources */,
				369483872E1FB9C20069E46F /* AccountOpeningCompleteViewController.swift in Sources */,
				87282D042E15410D006A9B63 /* MainTableViewCell.swift in Sources */,
				3687FBF02E1E529E00BCC6EC /* BiFastActivatedEmaillVC.swift in Sources */,
				363EFD4F2E1BA01D0043BCFF /* AccountCardManagerCategoryView.swift in Sources */,
				36432D922E1CEAE700055F79 /* BiInformationAlertView.swift in Sources */,
				8733248C2E0F81320040698B /* FundingSourceSectionView.swift in Sources */,
				36432D952E1CFF4A00055F79 /* BiFastActivatedPhoneVC.swift in Sources */,
				D64458152E1E1CD6006BF51F /* CostumizedImage.swift in Sources */,
				36432D952E1CFF4A00055F79 /* BiFastActivatedPhoneVC.swift in Sources */,
				8793F7972E114595008A47D5 /* SetoranAwalViewController.swift in Sources */,
				87B2B4BC2E1A590B00F7D6CB /* Brimo.swift in Sources */,
				8726DE4F2E19207500EE4B73 /* DepositoKeyValueItemSet.swift in Sources */,
				3687FBED2E1E3D0F00BCC6EC /* BottomSheetWithTwoBtnVC.swift in Sources */,
				8793F7952E11453B008A47D5 /* CustomNumberKeyboard.swift in Sources */,
				36432D972E1D02C700055F79 /* BIFastCardActiveView.swift in Sources */,
				36432D862E1CB50000055F79 /* InputField.swift in Sources */,
				363EFD512E1BA8060043BCFF /* AccountCardDetailManagerAtivityView.swift in Sources */,
				8793F7932E113A6D008A47D5 /* BrimoNsReachMaxAttemptPinVC.swift in Sources */,
				8793F78D2E11306E008A47D5 /* BrimoNsReusablePinProtocol.swift in Sources */,
				8793F7842E1114FA008A47D5 /* RecommendedProductsView.swift in Sources */,
				8619D2712A2C764300AB91A8 /* BrimonsBottomSheetVC.swift in Sources */,
				363EFD442E1B77460043BCFF /* CardDetailManagerVC.swift in Sources */,
				8619D25C2A2C751B00AB91A8 /* AppDelegate.swift in Sources */,
				36432D8B2E1CBF3900055F79 /* FormFieldInformationView.swift in Sources */,
				363EFD462E1B80740043BCFF /* AccountCardManagerHeaderView.swift in Sources */,
				8793F78F2E1130AA008A47D5 /* AccountOpeningPinViewVM.swift in Sources */,
				363EFD482E1B82000043BCFF /* Helper.swift in Sources */,
				D644580E2E1DFA64006BF51F /* CardSettingsItem.swift in Sources */,
				8793F7862E111657008A47D5 /* RecommendedProductCell.swift in Sources */,
				D64458112E1E1008006BF51F /* CardManagementSettingsView.swift in Sources */,
				8793F7882E1126EA008A47D5 /* AccountOpeningCompleteHeaderView.swift in Sources */,
				87E3F8862E0E956300517830 /* BrimonsSearchView.swift in Sources */,
				87B2B4C12E1A5A9D00F7D6CB /* AccountListTableViewCell.swift in Sources */,
				87B2B4B82E1A58B300F7D6CB /* BrimoTypographyType.swift in Sources */,
				8619D25E2A2C751B00AB91A8 /* SceneDelegate.swift in Sources */,
				D6A14AD42E25F9F400AAE80E /* BlockedCardManagementVC.swift in Sources */,
				3674B1BD2E1F25FB0065BE1F /* NotifyTransactionView.swift in Sources */,
				8733248E2E0F813D0040698B /* InitialDepositDetailView.swift in Sources */,
				873324902E0F82AD0040698B /* BranchOpeningView.swift in Sources */,
			);
			runOnlyForDeploymentPostprocessing = 0;
		};
/* End PBXSourcesBuildPhase section */

/* Begin PBXVariantGroup section */
		8619D2612A2C751B00AB91A8 /* Main.storyboard */ = {
			isa = PBXVariantGroup;
			children = (
				8619D2622A2C751B00AB91A8 /* Base */,
			);
			name = Main.storyboard;
			sourceTree = "<group>";
		};
		8619D2662A2C751C00AB91A8 /* LaunchScreen.storyboard */ = {
			isa = PBXVariantGroup;
			children = (
				8619D2672A2C751C00AB91A8 /* Base */,
			);
			name = LaunchScreen.storyboard;
			sourceTree = "<group>";
		};
/* End PBXVariantGroup section */

/* Begin XCBuildConfiguration section */
		8619D26A2A2C751C00AB91A8 /* Debug */ = {
			isa = XCBuildConfiguration;
			buildSettings = {
				ALWAYS_SEARCH_USER_PATHS = NO;
				CLANG_ANALYZER_NONNULL = YES;
				CLANG_ANALYZER_NUMBER_OBJECT_CONVERSION = YES_AGGRESSIVE;
				CLANG_CXX_LANGUAGE_STANDARD = "gnu++20";
				CLANG_ENABLE_MODULES = YES;
				CLANG_ENABLE_OBJC_ARC = YES;
				CLANG_ENABLE_OBJC_WEAK = YES;
				CLANG_WARN_BLOCK_CAPTURE_AUTORELEASING = YES;
				CLANG_WARN_BOOL_CONVERSION = YES;
				CLANG_WARN_COMMA = YES;
				CLANG_WARN_CONSTANT_CONVERSION = YES;
				CLANG_WARN_DEPRECATED_OBJC_IMPLEMENTATIONS = YES;
				CLANG_WARN_DIRECT_OBJC_ISA_USAGE = YES_ERROR;
				CLANG_WARN_DOCUMENTATION_COMMENTS = YES;
				CLANG_WARN_EMPTY_BODY = YES;
				CLANG_WARN_ENUM_CONVERSION = YES;
				CLANG_WARN_INFINITE_RECURSION = YES;
				CLANG_WARN_INT_CONVERSION = YES;
				CLANG_WARN_NON_LITERAL_NULL_CONVERSION = YES;
				CLANG_WARN_OBJC_IMPLICIT_RETAIN_SELF = YES;
				CLANG_WARN_OBJC_LITERAL_CONVERSION = YES;
				CLANG_WARN_OBJC_ROOT_CLASS = YES_ERROR;
				CLANG_WARN_QUOTED_INCLUDE_IN_FRAMEWORK_HEADER = YES;
				CLANG_WARN_RANGE_LOOP_ANALYSIS = YES;
				CLANG_WARN_STRICT_PROTOTYPES = YES;
				CLANG_WARN_SUSPICIOUS_MOVE = YES;
				CLANG_WARN_UNGUARDED_AVAILABILITY = YES_AGGRESSIVE;
				CLANG_WARN_UNREACHABLE_CODE = YES;
				CLANG_WARN__DUPLICATE_METHOD_MATCH = YES;
				COPY_PHASE_STRIP = NO;
				DEBUG_INFORMATION_FORMAT = dwarf;
				ENABLE_STRICT_OBJC_MSGSEND = YES;
				ENABLE_TESTABILITY = YES;
				GCC_C_LANGUAGE_STANDARD = gnu11;
				GCC_DYNAMIC_NO_PIC = NO;
				GCC_NO_COMMON_BLOCKS = YES;
				GCC_OPTIMIZATION_LEVEL = 0;
				GCC_PREPROCESSOR_DEFINITIONS = (
					"DEBUG=1",
					"$(inherited)",
				);
				GCC_WARN_64_TO_32_BIT_CONVERSION = YES;
				GCC_WARN_ABOUT_RETURN_TYPE = YES_ERROR;
				GCC_WARN_UNDECLARED_SELECTOR = YES;
				GCC_WARN_UNINITIALIZED_AUTOS = YES_AGGRESSIVE;
				GCC_WARN_UNUSED_FUNCTION = YES;
				GCC_WARN_UNUSED_VARIABLE = YES;
				IPHONEOS_DEPLOYMENT_TARGET = 16.2;
				MTL_ENABLE_DEBUG_INFO = INCLUDE_SOURCE;
				MTL_FAST_MATH = YES;
				ONLY_ACTIVE_ARCH = YES;
				SDKROOT = iphoneos;
				SWIFT_ACTIVE_COMPILATION_CONDITIONS = DEBUG;
				SWIFT_OPTIMIZATION_LEVEL = "-Onone";
			};
			name = Debug;
		};
		8619D26B2A2C751C00AB91A8 /* Release */ = {
			isa = XCBuildConfiguration;
			buildSettings = {
				ALWAYS_SEARCH_USER_PATHS = NO;
				CLANG_ANALYZER_NONNULL = YES;
				CLANG_ANALYZER_NUMBER_OBJECT_CONVERSION = YES_AGGRESSIVE;
				CLANG_CXX_LANGUAGE_STANDARD = "gnu++20";
				CLANG_ENABLE_MODULES = YES;
				CLANG_ENABLE_OBJC_ARC = YES;
				CLANG_ENABLE_OBJC_WEAK = YES;
				CLANG_WARN_BLOCK_CAPTURE_AUTORELEASING = YES;
				CLANG_WARN_BOOL_CONVERSION = YES;
				CLANG_WARN_COMMA = YES;
				CLANG_WARN_CONSTANT_CONVERSION = YES;
				CLANG_WARN_DEPRECATED_OBJC_IMPLEMENTATIONS = YES;
				CLANG_WARN_DIRECT_OBJC_ISA_USAGE = YES_ERROR;
				CLANG_WARN_DOCUMENTATION_COMMENTS = YES;
				CLANG_WARN_EMPTY_BODY = YES;
				CLANG_WARN_ENUM_CONVERSION = YES;
				CLANG_WARN_INFINITE_RECURSION = YES;
				CLANG_WARN_INT_CONVERSION = YES;
				CLANG_WARN_NON_LITERAL_NULL_CONVERSION = YES;
				CLANG_WARN_OBJC_IMPLICIT_RETAIN_SELF = YES;
				CLANG_WARN_OBJC_LITERAL_CONVERSION = YES;
				CLANG_WARN_OBJC_ROOT_CLASS = YES_ERROR;
				CLANG_WARN_QUOTED_INCLUDE_IN_FRAMEWORK_HEADER = YES;
				CLANG_WARN_RANGE_LOOP_ANALYSIS = YES;
				CLANG_WARN_STRICT_PROTOTYPES = YES;
				CLANG_WARN_SUSPICIOUS_MOVE = YES;
				CLANG_WARN_UNGUARDED_AVAILABILITY = YES_AGGRESSIVE;
				CLANG_WARN_UNREACHABLE_CODE = YES;
				CLANG_WARN__DUPLICATE_METHOD_MATCH = YES;
				COPY_PHASE_STRIP = NO;
				DEBUG_INFORMATION_FORMAT = "dwarf-with-dsym";
				ENABLE_NS_ASSERTIONS = NO;
				ENABLE_STRICT_OBJC_MSGSEND = YES;
				GCC_C_LANGUAGE_STANDARD = gnu11;
				GCC_NO_COMMON_BLOCKS = YES;
				GCC_WARN_64_TO_32_BIT_CONVERSION = YES;
				GCC_WARN_ABOUT_RETURN_TYPE = YES_ERROR;
				GCC_WARN_UNDECLARED_SELECTOR = YES;
				GCC_WARN_UNINITIALIZED_AUTOS = YES_AGGRESSIVE;
				GCC_WARN_UNUSED_FUNCTION = YES;
				GCC_WARN_UNUSED_VARIABLE = YES;
				IPHONEOS_DEPLOYMENT_TARGET = 16.2;
				MTL_ENABLE_DEBUG_INFO = NO;
				MTL_FAST_MATH = YES;
				SDKROOT = iphoneos;
				SWIFT_COMPILATION_MODE = wholemodule;
				SWIFT_OPTIMIZATION_LEVEL = "-O";
				VALIDATE_PRODUCT = YES;
			};
			name = Release;
		};
		8619D26D2A2C751C00AB91A8 /* Debug */ = {
			isa = XCBuildConfiguration;
			baseConfigurationReference = 4293F4D43D94AD655BC8BE2B /* Pods-BottomSheetViewControllerExample.debug.xcconfig */;
			buildSettings = {
				ASSETCATALOG_COMPILER_APPICON_NAME = AppIcon;
				ASSETCATALOG_COMPILER_GLOBAL_ACCENT_COLOR_NAME = AccentColor;
				CODE_SIGN_STYLE = Automatic;
				CURRENT_PROJECT_VERSION = 1;
				GENERATE_INFOPLIST_FILE = YES;
				INFOPLIST_FILE = BottomSheetViewControllerExample/Info.plist;
				INFOPLIST_KEY_UIApplicationSupportsIndirectInputEvents = YES;
				INFOPLIST_KEY_UILaunchStoryboardName = LaunchScreen;
				INFOPLIST_KEY_UIMainStoryboardFile = Main;
				INFOPLIST_KEY_UISupportedInterfaceOrientations = UIInterfaceOrientationPortrait;
				IPHONEOS_DEPLOYMENT_TARGET = 13.0;
				LD_RUNPATH_SEARCH_PATHS = (
					"$(inherited)",
					"@executable_path/Frameworks",
				);
				MARKETING_VERSION = 1.0;
				PRODUCT_BUNDLE_IDENTIFIER = com.brontoxx.BottomSheetViewControllerExample;
				PRODUCT_NAME = "$(TARGET_NAME)";
				SWIFT_EMIT_LOC_STRINGS = YES;
				SWIFT_VERSION = 5.0;
				TARGETED_DEVICE_FAMILY = "1,2";
			};
			name = Debug;
		};
		8619D26E2A2C751C00AB91A8 /* Release */ = {
			isa = XCBuildConfiguration;
			baseConfigurationReference = 98A4FEAB4C8EEF3551E1F7B3 /* Pods-BottomSheetViewControllerExample.release.xcconfig */;
			buildSettings = {
				ASSETCATALOG_COMPILER_APPICON_NAME = AppIcon;
				ASSETCATALOG_COMPILER_GLOBAL_ACCENT_COLOR_NAME = AccentColor;
				CODE_SIGN_STYLE = Automatic;
				CURRENT_PROJECT_VERSION = 1;
				GENERATE_INFOPLIST_FILE = YES;
				INFOPLIST_FILE = BottomSheetViewControllerExample/Info.plist;
				INFOPLIST_KEY_UIApplicationSupportsIndirectInputEvents = YES;
				INFOPLIST_KEY_UILaunchStoryboardName = LaunchScreen;
				INFOPLIST_KEY_UIMainStoryboardFile = Main;
				INFOPLIST_KEY_UISupportedInterfaceOrientations = UIInterfaceOrientationPortrait;
				IPHONEOS_DEPLOYMENT_TARGET = 13.0;
				LD_RUNPATH_SEARCH_PATHS = (
					"$(inherited)",
					"@executable_path/Frameworks",
				);
				MARKETING_VERSION = 1.0;
				PRODUCT_BUNDLE_IDENTIFIER = com.brontoxx.BottomSheetViewControllerExample;
				PRODUCT_NAME = "$(TARGET_NAME)";
				SWIFT_EMIT_LOC_STRINGS = YES;
				SWIFT_VERSION = 5.0;
				TARGETED_DEVICE_FAMILY = "1,2";
			};
			name = Release;
		};
/* End XCBuildConfiguration section */

/* Begin XCConfigurationList section */
		8619D2532A2C751B00AB91A8 /* Build configuration list for PBXProject "BottomSheetViewControllerExample" */ = {
			isa = XCConfigurationList;
			buildConfigurations = (
				8619D26A2A2C751C00AB91A8 /* Debug */,
				8619D26B2A2C751C00AB91A8 /* Release */,
			);
			defaultConfigurationIsVisible = 0;
			defaultConfigurationName = Release;
		};
		8619D26C2A2C751C00AB91A8 /* Build configuration list for PBXNativeTarget "BottomSheetViewControllerExample" */ = {
			isa = XCConfigurationList;
			buildConfigurations = (
				8619D26D2A2C751C00AB91A8 /* Debug */,
				8619D26E2A2C751C00AB91A8 /* Release */,
			);
			defaultConfigurationIsVisible = 0;
			defaultConfigurationName = Release;
		};
/* End XCConfigurationList section */
	};
	rootObject = 8619D2502A2C751B00AB91A8 /* Project object */;
}
